
Microsoft Visual Studio Solution File, Format Version 12.00
# Visual Studio Version 16
VisualStudioVersion = 16.0.30804.86
MinimumVisualStudioVersion = 10.0.40219.1
Project("{FAE04EC0-301F-11D3-BF4B-00C04F79EFBC}") = "Rectangle_26.01.2021", "Rectangle_26.01.2021\Rectangle_26.01.2021.csproj", "{DDF72CA7-5E23-4D70-8231-1E05788A45C0}"
EndProject
Global
	GlobalSection(SolutionConfigurationPlatforms) = preSolution
		Debug|Any CPU = Debug|Any CPU
		Release|Any CPU = Release|Any CPU
	EndGlobalSection
	GlobalSection(ProjectConfigurationPlatforms) = postSolution
		{DDF72CA7-5E23-4D70-8231-1E05788A45C0}.Debug|Any CPU.ActiveCfg = Debug|Any CPU
		{DDF72CA7-5E23-4D70-8231-1E05788A45C0}.Debug|Any CPU.Build.0 = Debug|Any CPU
		{DDF72CA7-5E23-4D70-8231-1E05788A45C0}.Release|Any CPU.ActiveCfg = Release|Any CPU
		{DDF72CA7-5E23-4D70-8231-1E05788A45C0}.Release|Any CPU.Build.0 = Release|Any CPU
	EndGlobalSection
	GlobalSection(SolutionProperties) = preSolution
		HideSolutionNode = FALSE
	EndGlobalSection
	GlobalSection(ExtensibilityGlobals) = postSolution
		SolutionGuid = {19153794-3D80-4EDF-8AB5-579C8F0ABB03}
	EndGlobalSection
EndGlobal
